
Microsoft Visual Studio Solution File, Format Version 12.00
# Visual Studio Version 17
VisualStudioVersion = 17.4.33205.214
MinimumVisualStudioVersion = 10.0.40219.1
Project("{8BC9CEB8-8B4A-11D0-8D11-00A0C91BC942}") = "Indexer", "App_Indexer\Indexer.vcxproj", "{EA2C9964-440F-4612-8D16-7A318D45DC4B}"
EndProject
Project("{8BC9CEB8-8B4A-11D0-8D11-00A0C91BC942}") = "Slicer", "App_Slicer\Slicer.vcxproj", "{4999CC90-9C24-46F4-A561-74F7220A1D01}"
EndProject
Project("{8BC9CEB8-8B4A-11D0-8D11-00A0C91BC942}") = "Renderer", "App_Renderer\Renderer.vcxproj", "{32984AC0-98A7-44B5-BA01-935BD8911B4E}"
EndProject
Global
	GlobalSection(SolutionConfigurationPlatforms) = preSolution
		Debug|x64 = Debug|x64
		Release|x64 = Release|x64
	EndGlobalSection
	GlobalSection(ProjectConfigurationPlatforms) = postSolution
		{EA2C9964-440F-4612-8D16-7A318D45DC4B}.Debug|x64.ActiveCfg = Debug|x64
		{EA2C9964-440F-4612-8D16-7A318D45DC4B}.Debug|x64.Build.0 = Debug|x64
		{EA2C9964-440F-4612-8D16-7A318D45DC4B}.Release|x64.ActiveCfg = Release|x64
		{EA2C9964-440F-4612-8D16-7A318D45DC4B}.Release|x64.Build.0 = Release|x64
		{4999CC90-9C24-46F4-A561-74F7220A1D01}.Debug|x64.ActiveCfg = Debug|x64
		{4999CC90-9C24-46F4-A561-74F7220A1D01}.Debug|x64.Build.0 = Debug|x64
		{4999CC90-9C24-46F4-A561-74F7220A1D01}.Release|x64.ActiveCfg = Release|x64
		{4999CC90-9C24-46F4-A561-74F7220A1D01}.Release|x64.Build.0 = Release|x64
		{32984AC0-98A7-44B5-BA01-935BD8911B4E}.Debug|x64.ActiveCfg = Debug|x64
		{32984AC0-98A7-44B5-BA01-935BD8911B4E}.Debug|x64.Build.0 = Debug|x64
		{32984AC0-98A7-44B5-BA01-935BD8911B4E}.Release|x64.ActiveCfg = Release|x64
		{32984AC0-98A7-44B5-BA01-935BD8911B4E}.Release|x64.Build.0 = Release|x64
	EndGlobalSection
	GlobalSection(SolutionProperties) = preSolution
		HideSolutionNode = FALSE
	EndGlobalSection
	GlobalSection(ExtensibilityGlobals) = postSolution
		SolutionGuid = {7EF25C7B-1736-417C-BA4A-58BF617AF243}
	EndGlobalSection
EndGlobal
