
Microsoft Visual Studio Solution File, Format Version 12.00
# Visual Studio Version 17
VisualStudioVersion = 17.4.33205.214
MinimumVisualStudioVersion = 10.0.40219.1
Project("{8BC9CEB8-8B4A-11D0-8D11-00A0C91BC942}") = "Indexer", "App_Indexer\1_Indexer.vcxproj", "{EA2C9964-440F-4612-8D16-7A318D45DC4B}"
EndProject
Project("{8BC9CEB8-8B4A-11D0-8D11-00A0C91BC942}") = "Renderer_Win", "App_Renderer_Win\Renderer_Win.vcxproj", "{8095EC62-EA8B-4EAF-A6E2-7AB12435C603}"
EndProject
Global
	GlobalSection(SolutionConfigurationPlatforms) = preSolution
		Debug|x64 = Debug|x64
		Debug|x86 = Debug|x86
		Release|x64 = Release|x64
		Release|x86 = Release|x86
	EndGlobalSection
	GlobalSection(ProjectConfigurationPlatforms) = postSolution
		{EA2C9964-440F-4612-8D16-7A318D45DC4B}.Debug|x64.ActiveCfg = Debug|x64
		{EA2C9964-440F-4612-8D16-7A318D45DC4B}.Debug|x64.Build.0 = Debug|x64
		{EA2C9964-440F-4612-8D16-7A318D45DC4B}.Debug|x86.ActiveCfg = Debug|Win32
		{EA2C9964-440F-4612-8D16-7A318D45DC4B}.Debug|x86.Build.0 = Debug|Win32
		{EA2C9964-440F-4612-8D16-7A318D45DC4B}.Release|x64.ActiveCfg = Release|x64
		{EA2C9964-440F-4612-8D16-7A318D45DC4B}.Release|x64.Build.0 = Release|x64
		{EA2C9964-440F-4612-8D16-7A318D45DC4B}.Release|x86.ActiveCfg = Release|Win32
		{EA2C9964-440F-4612-8D16-7A318D45DC4B}.Release|x86.Build.0 = Release|Win32
		{8095EC62-EA8B-4EAF-A6E2-7AB12435C603}.Debug|x64.ActiveCfg = Debug|x64
		{8095EC62-EA8B-4EAF-A6E2-7AB12435C603}.Debug|x64.Build.0 = Debug|x64
		{8095EC62-EA8B-4EAF-A6E2-7AB12435C603}.Debug|x86.ActiveCfg = Debug|Win32
		{8095EC62-EA8B-4EAF-A6E2-7AB12435C603}.Debug|x86.Build.0 = Debug|Win32
		{8095EC62-EA8B-4EAF-A6E2-7AB12435C603}.Release|x64.ActiveCfg = Release|x64
		{8095EC62-EA8B-4EAF-A6E2-7AB12435C603}.Release|x64.Build.0 = Release|x64
		{8095EC62-EA8B-4EAF-A6E2-7AB12435C603}.Release|x86.ActiveCfg = Release|Win32
		{8095EC62-EA8B-4EAF-A6E2-7AB12435C603}.Release|x86.Build.0 = Release|Win32
	EndGlobalSection
	GlobalSection(SolutionProperties) = preSolution
		HideSolutionNode = FALSE
	EndGlobalSection
	GlobalSection(ExtensibilityGlobals) = postSolution
		SolutionGuid = {7EF25C7B-1736-417C-BA4A-58BF617AF243}
	EndGlobalSection
EndGlobal
