<?xml version="1.0" encoding="utf-8"?>
<Project ToolsVersion="4.0" xmlns="http://schemas.microsoft.com/developer/msbuild/2003">
  <ItemGroup>
    <Filter Include="Source Files">
      <UniqueIdentifier>{4FC737F1-C7A5-4376-A066-2A32D752A2FF}</UniqueIdentifier>
      <Extensions>cpp;c;cc;cxx;c++;cppm;ixx;def;odl;idl;hpj;bat;asm;asmx</Extensions>
    </Filter>
    <Filter Include="Header Files">
      <UniqueIdentifier>{93995380-89BD-4b04-88EB-625FBE52EBFB}</UniqueIdentifier>
      <Extensions>h;hh;hpp;hxx;h++;hm;inl;inc;ipp;xsd</Extensions>
    </Filter>
    <Filter Include="Resource Files">
      <UniqueIdentifier>{67DA6AB6-F800-4c08-8B7A-83BB121AAD01}</UniqueIdentifier>
      <Extensions>rc;ico;cur;bmp;dlg;rc2;rct;bin;rgs;gif;jpg;jpeg;jpe;resx;tiff;tif;png;wav;mfcribbon-ms</Extensions>
    </Filter>
    <Filter Include="lib">
      <UniqueIdentifier>{1efe7dda-3ca0-4c05-8219-9c4b71e78072}</UniqueIdentifier>
    </Filter>
    <Filter Include="lib\agg">
      <UniqueIdentifier>{8e2ffecd-c754-41b6-ad6d-fe2535d4ea0a}</UniqueIdentifier>
    </Filter>
    <Filter Include="lib\agg\platform">
      <UniqueIdentifier>{fbcbea4f-835c-4080-a136-73cb00803b3d}</UniqueIdentifier>
    </Filter>
  </ItemGroup>
  <ItemGroup>
    <ClInclude Include="App.h">
      <Filter>Header Files</Filter>
    </ClInclude>
    <ClInclude Include="Dlg.h">
      <Filter>Header Files</Filter>
    </ClInclude>
    <ClInclude Include="framework.h">
      <Filter>Header Files</Filter>
    </ClInclude>
    <ClInclude Include="targetver.h">
      <Filter>Header Files</Filter>
    </ClInclude>
    <ClInclude Include="Resource.h">
      <Filter>Header Files</Filter>
    </ClInclude>
    <ClInclude Include="pch.h">
      <Filter>Header Files</Filter>
    </ClInclude>
    <ClInclude Include="MapPainter.h">
      <Filter>Header Files</Filter>
    </ClInclude>
  </ItemGroup>
  <ItemGroup>
    <ClCompile Include="App.cpp">
      <Filter>Source Files</Filter>
    </ClCompile>
    <ClCompile Include="Dlg.cpp">
      <Filter>Source Files</Filter>
    </ClCompile>
    <ClCompile Include="pch.cpp">
      <Filter>Source Files</Filter>
    </ClCompile>
    <ClCompile Include="MapPainter.cpp">
      <Filter>Source Files</Filter>
    </ClCompile>
    <ClCompile Include="..\tools\geo_processor.cpp">
      <Filter>lib</Filter>
    </ClCompile>
    <ClCompile Include="..\tools\geo_processor_ex.cpp">
      <Filter>lib</Filter>
    </ClCompile>
    <ClCompile Include="..\tools\gpc.c">
      <Filter>lib</Filter>
    </ClCompile>
    <ClCompile Include="..\tools\geo_projection.cpp">
      <Filter>lib</Filter>
    </ClCompile>
    <ClCompile Include="..\lib\aag\src\agg_arc.cpp">
      <Filter>lib\agg</Filter>
    </ClCompile>
    <ClCompile Include="..\lib\aag\src\agg_arrowhead.cpp">
      <Filter>lib\agg</Filter>
    </ClCompile>
    <ClCompile Include="..\lib\aag\src\agg_bezier_arc.cpp">
      <Filter>lib\agg</Filter>
    </ClCompile>
    <ClCompile Include="..\lib\aag\src\agg_bspline.cpp">
      <Filter>lib\agg</Filter>
    </ClCompile>
    <ClCompile Include="..\lib\aag\src\agg_color_rgba.cpp">
      <Filter>lib\agg</Filter>
    </ClCompile>
    <ClCompile Include="..\lib\aag\src\agg_curves.cpp">
      <Filter>lib\agg</Filter>
    </ClCompile>
    <ClCompile Include="..\lib\aag\src\agg_embedded_raster_fonts.cpp">
      <Filter>lib\agg</Filter>
    </ClCompile>
    <ClCompile Include="..\lib\aag\src\agg_gsv_text.cpp">
      <Filter>lib\agg</Filter>
    </ClCompile>
    <ClCompile Include="..\lib\aag\src\agg_image_filters.cpp">
      <Filter>lib\agg</Filter>
    </ClCompile>
    <ClCompile Include="..\lib\aag\src\agg_line_aa_basics.cpp">
      <Filter>lib\agg</Filter>
    </ClCompile>
    <ClCompile Include="..\lib\aag\src\agg_line_profile_aa.cpp">
      <Filter>lib\agg</Filter>
    </ClCompile>
    <ClCompile Include="..\lib\aag\src\agg_rounded_rect.cpp">
      <Filter>lib\agg</Filter>
    </ClCompile>
    <ClCompile Include="..\lib\aag\src\agg_sqrt_tables.cpp">
      <Filter>lib\agg</Filter>
    </ClCompile>
    <ClCompile Include="..\lib\aag\src\agg_trans_affine.cpp">
      <Filter>lib\agg</Filter>
    </ClCompile>
    <ClCompile Include="..\lib\aag\src\agg_trans_double_path.cpp">
      <Filter>lib\agg</Filter>
    </ClCompile>
    <ClCompile Include="..\lib\aag\src\agg_trans_single_path.cpp">
      <Filter>lib\agg</Filter>
    </ClCompile>
    <ClCompile Include="..\lib\aag\src\agg_trans_warp_magnifier.cpp">
      <Filter>lib\agg</Filter>
    </ClCompile>
    <ClCompile Include="..\lib\aag\src\agg_vcgen_bspline.cpp">
      <Filter>lib\agg</Filter>
    </ClCompile>
    <ClCompile Include="..\lib\aag\src\agg_vcgen_contour.cpp">
      <Filter>lib\agg</Filter>
    </ClCompile>
    <ClCompile Include="..\lib\aag\src\agg_vcgen_dash.cpp">
      <Filter>lib\agg</Filter>
    </ClCompile>
    <ClCompile Include="..\lib\aag\src\agg_vcgen_markers_term.cpp">
      <Filter>lib\agg</Filter>
    </ClCompile>
    <ClCompile Include="..\lib\aag\src\agg_vcgen_smooth_poly1.cpp">
      <Filter>lib\agg</Filter>
    </ClCompile>
    <ClCompile Include="..\lib\aag\src\agg_vcgen_stroke.cpp">
      <Filter>lib\agg</Filter>
    </ClCompile>
    <ClCompile Include="..\lib\aag\src\agg_vpgen_clip_polygon.cpp">
      <Filter>lib\agg</Filter>
    </ClCompile>
    <ClCompile Include="..\lib\aag\src\agg_vpgen_clip_polyline.cpp">
      <Filter>lib\agg</Filter>
    </ClCompile>
    <ClCompile Include="..\lib\aag\src\agg_vpgen_segmentator.cpp">
      <Filter>lib\agg</Filter>
    </ClCompile>
    <ClCompile Include="..\lib\aag\src\platform\agg_win32_bmp.cpp">
      <Filter>lib\agg\platform</Filter>
    </ClCompile>
  </ItemGroup>
  <ItemGroup>
    <ResourceCompile Include="App_Renderer.rc">
      <Filter>Resource Files</Filter>
    </ResourceCompile>
  </ItemGroup>
  <ItemGroup>
    <None Include="res\App_Renderer.rc2">
      <Filter>Resource Files</Filter>
    </None>
  </ItemGroup>
  <ItemGroup>
    <Image Include="res\App_Renderer.ico">
      <Filter>Resource Files</Filter>
    </Image>
  </ItemGroup>
</Project>