<?xml version="1.0" encoding="utf-8"?>
<Project ToolsVersion="4.0" xmlns="http://schemas.microsoft.com/developer/msbuild/2003">
  <ItemGroup>
    <Filter Include="Source Files">
      <UniqueIdentifier>{4FC737F1-C7A5-4376-A066-2A32D752A2FF}</UniqueIdentifier>
      <Extensions>cpp;c;cc;cxx;c++;cppm;ixx;def;odl;idl;hpj;bat;asm;asmx</Extensions>
    </Filter>
    <Filter Include="Header Files">
      <UniqueIdentifier>{93995380-89BD-4b04-88EB-625FBE52EBFB}</UniqueIdentifier>
      <Extensions>h;hh;hpp;hxx;h++;hm;inl;inc;ipp;xsd</Extensions>
    </Filter>
    <Filter Include="Resource Files">
      <UniqueIdentifier>{67DA6AB6-F800-4c08-8B7A-83BB121AAD01}</UniqueIdentifier>
      <Extensions>rc;ico;cur;bmp;dlg;rc2;rct;bin;rgs;gif;jpg;jpeg;jpe;resx;tiff;tif;png;wav;mfcribbon-ms</Extensions>
    </Filter>
    <Filter Include="lib">
      <UniqueIdentifier>{1efe7dda-3ca0-4c05-8219-9c4b71e78072}</UniqueIdentifier>
    </Filter>
    <Filter Include="GeoLib">
      <UniqueIdentifier>{bc5f284b-81b9-449e-9f08-d823048ca3bc}</UniqueIdentifier>
    </Filter>
    <Filter Include="Clipper">
      <UniqueIdentifier>{f78d5546-70e4-4fb8-97ee-5d7469d6acd4}</UniqueIdentifier>
    </Filter>
  </ItemGroup>
  <ItemGroup>
    <ClInclude Include="App.h">
      <Filter>Header Files</Filter>
    </ClInclude>
    <ClInclude Include="Dlg.h">
      <Filter>Header Files</Filter>
    </ClInclude>
    <ClInclude Include="framework.h">
      <Filter>Header Files</Filter>
    </ClInclude>
    <ClInclude Include="targetver.h">
      <Filter>Header Files</Filter>
    </ClInclude>
    <ClInclude Include="Resource.h">
      <Filter>Header Files</Filter>
    </ClInclude>
    <ClInclude Include="pch.h">
      <Filter>Header Files</Filter>
    </ClInclude>
    <ClInclude Include="MapPainter.h">
      <Filter>Header Files</Filter>
    </ClInclude>
    <ClInclude Include="GeoCache.h">
      <Filter>Header Files</Filter>
    </ClInclude>
    <ClInclude Include="LexItem.h">
      <Filter>Header Files</Filter>
    </ClInclude>
    <ClInclude Include="..\geo\include\geo\geo_idx.h">
      <Filter>GeoLib</Filter>
    </ClInclude>
    <ClInclude Include="..\geo\include\geo\geo_lex.h">
      <Filter>GeoLib</Filter>
    </ClInclude>
    <ClInclude Include="..\geo\include\geo\geo_line.h">
      <Filter>GeoLib</Filter>
    </ClInclude>
    <ClInclude Include="..\geo\include\geo\geo_obj.h">
      <Filter>GeoLib</Filter>
    </ClInclude>
    <ClInclude Include="..\geo\include\geo\geo_param.h">
      <Filter>GeoLib</Filter>
    </ClInclude>
    <ClInclude Include="..\geo\include\geo\geo_parser.h">
      <Filter>GeoLib</Filter>
    </ClInclude>
    <ClInclude Include="..\geo\include\geo\geo_types.h">
      <Filter>GeoLib</Filter>
    </ClInclude>
  </ItemGroup>
  <ItemGroup>
    <ClCompile Include="App.cpp">
      <Filter>Source Files</Filter>
    </ClCompile>
    <ClCompile Include="Dlg.cpp">
      <Filter>Source Files</Filter>
    </ClCompile>
    <ClCompile Include="pch.cpp">
      <Filter>Source Files</Filter>
    </ClCompile>
    <ClCompile Include="MapPainter.cpp">
      <Filter>Source Files</Filter>
    </ClCompile>
    <ClCompile Include="..\geographiclib\src\Geodesic.cpp">
      <Filter>lib</Filter>
    </ClCompile>
    <ClCompile Include="..\geographiclib\src\Math.cpp">
      <Filter>lib</Filter>
    </ClCompile>
    <ClCompile Include="..\geographiclib\src\GeodesicLine.cpp">
      <Filter>lib</Filter>
    </ClCompile>
    <ClCompile Include="..\clipper2\src\clipper.engine.cpp">
      <Filter>Clipper</Filter>
    </ClCompile>
    <ClCompile Include="..\clipper2\src\clipper.offset.cpp">
      <Filter>Clipper</Filter>
    </ClCompile>
    <ClCompile Include="..\clipper2\src\clipper.rectclip.cpp">
      <Filter>Clipper</Filter>
    </ClCompile>
  </ItemGroup>
  <ItemGroup>
    <ResourceCompile Include="App_Renderer.rc">
      <Filter>Resource Files</Filter>
    </ResourceCompile>
  </ItemGroup>
  <ItemGroup>
    <None Include="res\App_Renderer.rc2">
      <Filter>Resource Files</Filter>
    </None>
  </ItemGroup>
  <ItemGroup>
    <Image Include="res\App_Renderer.ico">
      <Filter>Resource Files</Filter>
    </Image>
  </ItemGroup>
</Project>