<?xml version="1.0" encoding="utf-8"?>
<Project ToolsVersion="4.0" xmlns="http://schemas.microsoft.com/developer/msbuild/2003">
  <ItemGroup>
    <Filter Include="Source Files">
      <UniqueIdentifier>{4FC737F1-C7A5-4376-A066-2A32D752A2FF}</UniqueIdentifier>
      <Extensions>cpp;c;cc;cxx;c++;cppm;ixx;def;odl;idl;hpj;bat;asm;asmx</Extensions>
    </Filter>
    <Filter Include="tools">
      <UniqueIdentifier>{b18d3804-c299-4848-aaa4-07e442740522}</UniqueIdentifier>
    </Filter>
    <Filter Include="tools\ssearch">
      <UniqueIdentifier>{ef794993-1a06-4a18-974c-02cdb9959f8f}</UniqueIdentifier>
    </Filter>
    <Filter Include="tools\xml">
      <UniqueIdentifier>{d6c4c88d-9b85-46c5-911c-07073d54369e}</UniqueIdentifier>
    </Filter>
    <Filter Include="Source Files\resolver">
      <UniqueIdentifier>{985a3c09-df76-4ead-b463-b19c6db502b7}</UniqueIdentifier>
    </Filter>
  </ItemGroup>
  <ItemGroup>
    <ClCompile Include="1_Indexer.cpp">
      <Filter>Source Files</Filter>
    </ClCompile>
    <ClCompile Include="..\common\ssearch.cpp">
      <Filter>tools\ssearch</Filter>
    </ClCompile>
    <ClCompile Include="..\common\bstring.c">
      <Filter>tools\xml</Filter>
    </ClCompile>
    <ClCompile Include="..\common\libhpxml.c">
      <Filter>tools\xml</Filter>
    </ClCompile>
    <ClCompile Include="xml_parser.cpp">
      <Filter>Source Files</Filter>
    </ClCompile>
    <ClCompile Include="osm_resolver_node.cpp">
      <Filter>Source Files\resolver</Filter>
    </ClCompile>
    <ClCompile Include="osm_resolver_rels.cpp">
      <Filter>Source Files\resolver</Filter>
    </ClCompile>
    <ClCompile Include="osm_resolver_way.cpp">
      <Filter>Source Files\resolver</Filter>
    </ClCompile>
    <ClCompile Include="osm_tools.cpp">
      <Filter>Source Files</Filter>
    </ClCompile>
  </ItemGroup>
  <ItemGroup>
    <ClInclude Include="..\common\ssearch.h">
      <Filter>tools\ssearch</Filter>
    </ClInclude>
    <ClInclude Include="xml_parser.h">
      <Filter>Source Files</Filter>
    </ClInclude>
    <ClInclude Include="osm_resolver.h">
      <Filter>Source Files\resolver</Filter>
    </ClInclude>
    <ClInclude Include="osm_tools.h">
      <Filter>Source Files</Filter>
    </ClInclude>
  </ItemGroup>
</Project>