<?xml version="1.0" encoding="utf-8"?>
<Project ToolsVersion="4.0" xmlns="http://schemas.microsoft.com/developer/msbuild/2003">
  <ItemGroup>
    <ClCompile Include="Slicer.cpp" />
    <ClCompile Include="..\lib\MemMapper.cpp">
      <Filter>lib</Filter>
    </ClCompile>
    <ClCompile Include="..\tools\geo_projection.cpp">
      <Filter>lib</Filter>
    </ClCompile>
    <ClCompile Include="..\tools\geo_processor.cpp">
      <Filter>lib</Filter>
    </ClCompile>
    <ClCompile Include="..\tools\geo_processor_ex.cpp">
      <Filter>lib</Filter>
    </ClCompile>
    <ClCompile Include="..\tools\gpc.c">
      <Filter>lib</Filter>
    </ClCompile>
    <ClCompile Include="..\lib\aag\src\agg_trans_affine.cpp">
      <Filter>lib</Filter>
    </ClCompile>
    <ClCompile Include="..\lib\aag\src\agg_vcgen_stroke.cpp">
      <Filter>lib</Filter>
    </ClCompile>
  </ItemGroup>
  <ItemGroup>
    <Filter Include="lib">
      <UniqueIdentifier>{1ba7975e-ca29-4728-be6f-ba6b483356fc}</UniqueIdentifier>
    </Filter>
  </ItemGroup>
</Project>